schema: '2.0'
stages:
  ingest:
    cmd: python -m src.ingest
    deps:
    - path: data/raw/ratings.csv
      hash: md5
      md5: 53a1121b77f4dcbd49e2650f7b389905
      size: 73675
    - path: src/config.py
      hash: md5
      md5: 3039782abc067f7860c2a1238e886430
      size: 526
    - path: src/ingest.py
      hash: md5
      md5: 85a53080774019b3aed9f61016186578
      size: 887
    outs:
    - path: data/processed/ratings_clean.csv
      hash: md5
      md5: 04517ca5cf2dbfb7b8da3f0d710eb96a
      size: 73431
    - path: evaluations/validation_report.json
      hash: md5
      md5: ef02d23cfe36493896978da9cd6eafab
      size: 14
  features:
    cmd: python -m src.prepare_features
    deps:
    - path: data/processed/ratings_clean.csv
      hash: md5
      md5: 04517ca5cf2dbfb7b8da3f0d710eb96a
      size: 73431
    - path: src/features.py
      hash: md5
      md5: 68cf0001bf9d513656df45edfe2c00c3
      size: 1417
    - path: src/prepare_features.py
      hash: md5
      md5: 77a9a41c6a673dd52e52f1104e7a448d
      size: 403
    outs:
    - path: models/rating_features.pkl
      hash: md5
      md5: 1e5a2d3c2e8e0114c1b75e9415710e43
      size: 479371
  train:
    cmd: python -m src.train_main
    deps:
    - path: data/processed/ratings_clean.csv
      hash: md5
      md5: 04517ca5cf2dbfb7b8da3f0d710eb96a
      size: 73431
    - path: models/rating_features.pkl
      hash: md5
      md5: 1e5a2d3c2e8e0114c1b75e9415710e43
      size: 479371
    - path: src/train.py
      hash: md5
      md5: 4899920acdc84d4635fd5b84b76da927
      size: 982
    - path: src/train_main.py
      hash: md5
      md5: 6339a233c56e0f4ac9345eec3d3b9b71
      size: 1245
    outs:
    - path: models/model.pkl
      hash: md5
      md5: fb5cfbd2cbf1a66b083f3c8d71e398ec
      size: 544121
  evaluate:
    cmd: python -m src.evaluate_main
    deps:
    - path: data/processed/ratings_clean.csv
      hash: md5
      md5: 04517ca5cf2dbfb7b8da3f0d710eb96a
      size: 73431
    - path: models/model.pkl
      hash: md5
      md5: fb5cfbd2cbf1a66b083f3c8d71e398ec
      size: 544121
    - path: src/evaluate.py
      hash: md5
      md5: de081b0eea985b803d998aa2e191f3ee
      size: 436
    - path: src/evaluate_main.py
      hash: md5
      md5: 610978a13d09676bc6c30bc512620a73
      size: 932
    outs:
    - path: evaluations/evaluation_report.json
      hash: md5
      md5: 5db07e46b7dc6328648608f89e677de8
      size: 63
